
Microsoft Visual Studio Solution File, Format Version 12.00
# Visual Studio Version 17
VisualStudioVersion = 17.14.36511.14
MinimumVisualStudioVersion = 10.0.40219.1
Project("{FAE04EC0-301F-11D3-BF4B-00C04F79EFBC}") = "UnileverHRM", "UnileverHRM.csproj", "{08122037-EF31-4E45-AFF0-D2C3AD3F50D7}"
EndProject
Global
	GlobalSection(SolutionConfigurationPlatforms) = preSolution
		Debug|Any CPU = Debug|Any CPU
		Release|Any CPU = Release|Any CPU
	EndGlobalSection
	GlobalSection(ProjectConfigurationPlatforms) = postSolution
		{08122037-EF31-4E45-AFF0-D2C3AD3F50D7}.Debug|Any CPU.ActiveCfg = Debug|Any CPU
		{08122037-EF31-4E45-AFF0-D2C3AD3F50D7}.Debug|Any CPU.Build.0 = Debug|Any CPU
		{08122037-EF31-4E45-AFF0-D2C3AD3F50D7}.Release|Any CPU.ActiveCfg = Release|Any CPU
		{08122037-EF31-4E45-AFF0-D2C3AD3F50D7}.Release|Any CPU.Build.0 = Release|Any CPU
	EndGlobalSection
	GlobalSection(SolutionProperties) = preSolution
		HideSolutionNode = FALSE
	EndGlobalSection
	GlobalSection(ExtensibilityGlobals) = postSolution
		SolutionGuid = {626B8D81-2BC1-4E0F-BEDA-AD96F2D2CA31}
	EndGlobalSection
EndGlobal
